
Microsoft Visual Studio Solution File, Format Version 12.00
# Visual Studio Version 17
VisualStudioVersion = 17.5.33516.290
MinimumVisualStudioVersion = 10.0.40219.1
Project("{9A19103F-16F7-4668-BE54-9A1E7A4F7556}") = "DataStructures", "DataStructures\DataStructures.csproj", "{D530B43D-4394-4051-B684-88450E16DD45}"
EndProject
Project("{FAE04EC0-301F-11D3-BF4B-00C04F79EFBC}") = "Apps", "Apps\Apps.csproj", "{8B4DC220-EE6A-48B0-8E31-8E557FA7BC2D}"
EndProject
Global
	GlobalSection(SolutionConfigurationPlatforms) = preSolution
		Debug|Any CPU = Debug|Any CPU
		Release|Any CPU = Release|Any CPU
	EndGlobalSection
	GlobalSection(ProjectConfigurationPlatforms) = postSolution
		{D530B43D-4394-4051-B684-88450E16DD45}.Debug|Any CPU.ActiveCfg = Debug|Any CPU
		{D530B43D-4394-4051-B684-88450E16DD45}.Debug|Any CPU.Build.0 = Debug|Any CPU
		{D530B43D-4394-4051-B684-88450E16DD45}.Release|Any CPU.ActiveCfg = Release|Any CPU
		{D530B43D-4394-4051-B684-88450E16DD45}.Release|Any CPU.Build.0 = Release|Any CPU
		{8B4DC220-EE6A-48B0-8E31-8E557FA7BC2D}.Debug|Any CPU.ActiveCfg = Debug|Any CPU
		{8B4DC220-EE6A-48B0-8E31-8E557FA7BC2D}.Debug|Any CPU.Build.0 = Debug|Any CPU
		{8B4DC220-EE6A-48B0-8E31-8E557FA7BC2D}.Release|Any CPU.ActiveCfg = Release|Any CPU
		{8B4DC220-EE6A-48B0-8E31-8E557FA7BC2D}.Release|Any CPU.Build.0 = Release|Any CPU
	EndGlobalSection
	GlobalSection(SolutionProperties) = preSolution
		HideSolutionNode = FALSE
	EndGlobalSection
	GlobalSection(ExtensibilityGlobals) = postSolution
		SolutionGuid = {C8321DF6-081E-4E11-A09D-33D819FD5064}
	EndGlobalSection
EndGlobal
